
Microsoft Visual Studio Solution File, Format Version 12.00
# Visual Studio 15
VisualStudioVersion = 15.0.34112.143
MinimumVisualStudioVersion = 10.0.40219.1
Project("{FAE04EC0-301F-11D3-BF4B-00C04F79EFBC}") = "WebApplicationMVC5", "WebApplicationMVC5\WebApplicationMVC5.csproj", "{736D70AE-EC4F-47E4-BF47-916B3CB9D429}"
EndProject
Global
	GlobalSection(SolutionConfigurationPlatforms) = preSolution
		Debug|Any CPU = Debug|Any CPU
		Release|Any CPU = Release|Any CPU
	EndGlobalSection
	GlobalSection(ProjectConfigurationPlatforms) = postSolution
		{736D70AE-EC4F-47E4-BF47-916B3CB9D429}.Debug|Any CPU.ActiveCfg = Debug|Any CPU
		{736D70AE-EC4F-47E4-BF47-916B3CB9D429}.Debug|Any CPU.Build.0 = Debug|Any CPU
		{736D70AE-EC4F-47E4-BF47-916B3CB9D429}.Release|Any CPU.ActiveCfg = Release|Any CPU
		{736D70AE-EC4F-47E4-BF47-916B3CB9D429}.Release|Any CPU.Build.0 = Release|Any CPU
	EndGlobalSection
	GlobalSection(SolutionProperties) = preSolution
		HideSolutionNode = FALSE
	EndGlobalSection
	GlobalSection(ExtensibilityGlobals) = postSolution
		SolutionGuid = {AC3C8B63-E2DD-4568-AEC5-C2F28A8CFDFA}
	EndGlobalSection
EndGlobal
